
Microsoft Visual Studio Solution File, Format Version 12.00
# Visual Studio Version 17
VisualStudioVersion = 17.0.31912.275
MinimumVisualStudioVersion = 10.0.40219.1
Project("{FAE04EC0-301F-11D3-BF4B-00C04F79EFBC}") = "SkillFactoryHW03", "SkillFactoryHW03\SkillFactoryHW03.csproj", "{571D4530-582D-45E3-A970-ECD06D347A65}"
EndProject
Global
	GlobalSection(SolutionConfigurationPlatforms) = preSolution
		Debug|Any CPU = Debug|Any CPU
		Release|Any CPU = Release|Any CPU
	EndGlobalSection
	GlobalSection(ProjectConfigurationPlatforms) = postSolution
		{571D4530-582D-45E3-A970-ECD06D347A65}.Debug|Any CPU.ActiveCfg = Debug|Any CPU
		{571D4530-582D-45E3-A970-ECD06D347A65}.Debug|Any CPU.Build.0 = Debug|Any CPU
		{571D4530-582D-45E3-A970-ECD06D347A65}.Release|Any CPU.ActiveCfg = Release|Any CPU
		{571D4530-582D-45E3-A970-ECD06D347A65}.Release|Any CPU.Build.0 = Release|Any CPU
	EndGlobalSection
	GlobalSection(SolutionProperties) = preSolution
		HideSolutionNode = FALSE
	EndGlobalSection
	GlobalSection(ExtensibilityGlobals) = postSolution
		SolutionGuid = {A01796C1-BCCF-4384-A178-FBEE4D14CBF7}
	EndGlobalSection
EndGlobal
